
Microsoft Visual Studio Solution File, Format Version 12.00
# Visual Studio Version 17
VisualStudioVersion = 17.7.34009.444
MinimumVisualStudioVersion = 10.0.40219.1
Project("{9A19103F-16F7-4668-BE54-9A1E7A4F7556}") = "Algoritimos", "Algoritimos\Algoritimos.csproj", "{EB7725C5-490C-427E-B10F-ECB6D16BB5A5}"
EndProject
Project("{FAE04EC0-301F-11D3-BF4B-00C04F79EFBC}") = "JogoDoOito", "JogoDoOito\JogoDoOito.csproj", "{A3CDB818-120B-4E95-AD71-4715EAED9DA7}"
EndProject
Global
	GlobalSection(SolutionConfigurationPlatforms) = preSolution
		Debug|Any CPU = Debug|Any CPU
		Release|Any CPU = Release|Any CPU
	EndGlobalSection
	GlobalSection(ProjectConfigurationPlatforms) = postSolution
		{EB7725C5-490C-427E-B10F-ECB6D16BB5A5}.Debug|Any CPU.ActiveCfg = Debug|Any CPU
		{EB7725C5-490C-427E-B10F-ECB6D16BB5A5}.Debug|Any CPU.Build.0 = Debug|Any CPU
		{EB7725C5-490C-427E-B10F-ECB6D16BB5A5}.Release|Any CPU.ActiveCfg = Release|Any CPU
		{EB7725C5-490C-427E-B10F-ECB6D16BB5A5}.Release|Any CPU.Build.0 = Release|Any CPU
		{A3CDB818-120B-4E95-AD71-4715EAED9DA7}.Debug|Any CPU.ActiveCfg = Debug|Any CPU
		{A3CDB818-120B-4E95-AD71-4715EAED9DA7}.Debug|Any CPU.Build.0 = Debug|Any CPU
		{A3CDB818-120B-4E95-AD71-4715EAED9DA7}.Release|Any CPU.ActiveCfg = Release|Any CPU
		{A3CDB818-120B-4E95-AD71-4715EAED9DA7}.Release|Any CPU.Build.0 = Release|Any CPU
	EndGlobalSection
	GlobalSection(SolutionProperties) = preSolution
		HideSolutionNode = FALSE
	EndGlobalSection
	GlobalSection(ExtensibilityGlobals) = postSolution
		SolutionGuid = {F2492387-32E3-4778-AAA1-9C1021CCDA02}
	EndGlobalSection
EndGlobal
